
Microsoft Visual Studio Solution File, Format Version 12.00
# Visual Studio 14
VisualStudioVersion = 14.0.25420.1
MinimumVisualStudioVersion = 10.0.40219.1
Project("{FAE04EC0-301F-11D3-BF4B-00C04F79EFBC}") = "TSP_Simulated_Annealing", "TSP_Simulated_Annealing\TSP_Simulated_Annealing.csproj", "{443E4370-446C-4F8F-88E7-31DB5D94E670}"
EndProject
Global
	GlobalSection(SolutionConfigurationPlatforms) = preSolution
		Debug|Any CPU = Debug|Any CPU
		Release|Any CPU = Release|Any CPU
	EndGlobalSection
	GlobalSection(ProjectConfigurationPlatforms) = postSolution
		{443E4370-446C-4F8F-88E7-31DB5D94E670}.Debug|Any CPU.ActiveCfg = Debug|Any CPU
		{443E4370-446C-4F8F-88E7-31DB5D94E670}.Debug|Any CPU.Build.0 = Debug|Any CPU
		{443E4370-446C-4F8F-88E7-31DB5D94E670}.Release|Any CPU.ActiveCfg = Release|Any CPU
		{443E4370-446C-4F8F-88E7-31DB5D94E670}.Release|Any CPU.Build.0 = Release|Any CPU
	EndGlobalSection
	GlobalSection(SolutionProperties) = preSolution
		HideSolutionNode = FALSE
	EndGlobalSection
EndGlobal
